
Microsoft Visual Studio Solution File, Format Version 12.00
# Visual Studio Version 16
VisualStudioVersion = 16.0.31729.503
MinimumVisualStudioVersion = 10.0.40219.1
Project("{FAE04EC0-301F-11D3-BF4B-00C04F79EFBC}") = "HealthApi", "HealthApi\HealthApi.csproj", "{CED7B141-4BF4-443C-8929-1AD5B47BC926}"
EndProject
Global
	GlobalSection(SolutionConfigurationPlatforms) = preSolution
		Debug|Any CPU = Debug|Any CPU
		Release|Any CPU = Release|Any CPU
	EndGlobalSection
	GlobalSection(ProjectConfigurationPlatforms) = postSolution
		{CED7B141-4BF4-443C-8929-1AD5B47BC926}.Debug|Any CPU.ActiveCfg = Debug|Any CPU
		{CED7B141-4BF4-443C-8929-1AD5B47BC926}.Debug|Any CPU.Build.0 = Debug|Any CPU
		{CED7B141-4BF4-443C-8929-1AD5B47BC926}.Release|Any CPU.ActiveCfg = Release|Any CPU
		{CED7B141-4BF4-443C-8929-1AD5B47BC926}.Release|Any CPU.Build.0 = Release|Any CPU
	EndGlobalSection
	GlobalSection(SolutionProperties) = preSolution
		HideSolutionNode = FALSE
	EndGlobalSection
	GlobalSection(ExtensibilityGlobals) = postSolution
		SolutionGuid = {3C8256CB-6A16-4A54-AA0C-21B49A1988D5}
	EndGlobalSection
EndGlobal
